// !$*UTF8*$!
{
	archiveVersion = 1;
	classes = {
	};
	objectVersion = 48;
	objects = {

/* Begin PBXBuildFile section */
		3A90FD9EF196B69753E03AF7 /* libPods-whatiread.a in Frameworks */ = {isa = PBXBuildFile; fileRef = 2E075676C67B5870AF5FFD84 /* libPods-whatiread.a */; };
		6B030EA620BE374D0060E8AD /* AppDelegate.m in Sources */ = {isa = PBXBuildFile; fileRef = 6B030EA520BE374D0060E8AD /* AppDelegate.m */; };
		6B030EA920BE374D0060E8AD /* CommonViewController.m in Sources */ = {isa = PBXBuildFile; fileRef = 6B030EA820BE374D0060E8AD /* CommonViewController.m */; };
		6B030EAC20BE374D0060E8AD /* Main.storyboard in Resources */ = {isa = PBXBuildFile; fileRef = 6B030EAA20BE374D0060E8AD /* Main.storyboard */; };
		6B030EAF20BE374D0060E8AD /* whatiread.xcdatamodeld in Sources */ = {isa = PBXBuildFile; fileRef = 6B030EAD20BE374D0060E8AD /* whatiread.xcdatamodeld */; };
		6B030EB420BE374D0060E8AD /* LaunchScreen.storyboard in Resources */ = {isa = PBXBuildFile; fileRef = 6B030EB220BE374D0060E8AD /* LaunchScreen.storyboard */; };
		6B030EB720BE374D0060E8AD /* main.m in Sources */ = {isa = PBXBuildFile; fileRef = 6B030EB620BE374D0060E8AD /* main.m */; };
		6B030EC120BE374D0060E8AD /* whatireadTests.m in Sources */ = {isa = PBXBuildFile; fileRef = 6B030EC020BE374D0060E8AD /* whatireadTests.m */; };
		6B030ECC20BE374D0060E8AD /* whatireadUITests.m in Sources */ = {isa = PBXBuildFile; fileRef = 6B030ECB20BE374D0060E8AD /* whatireadUITests.m */; };
		6B030EE520BE3DB90060E8AD /* CoreDataAccess.m in Sources */ = {isa = PBXBuildFile; fileRef = 6B030EE420BE3DB90060E8AD /* CoreDataAccess.m */; };
		6B030EE920BE44B00060E8AD /* TestViewController.m in Sources */ = {isa = PBXBuildFile; fileRef = 6B030EE720BE44B00060E8AD /* TestViewController.m */; };
		6B030EEA20BE44B00060E8AD /* TestViewController.xib in Resources */ = {isa = PBXBuildFile; fileRef = 6B030EE820BE44B00060E8AD /* TestViewController.xib */; };
		6B2AF62C20FD80AC0091AE3D /* Assets.xcassets in Resources */ = {isa = PBXBuildFile; fileRef = 6B2AF62B20FD80AC0091AE3D /* Assets.xcassets */; };
		6B30CDF32106A51400EDF627 /* IndicatorUtil.m in Sources */ = {isa = PBXBuildFile; fileRef = 6B30CDF22106A51400EDF627 /* IndicatorUtil.m */; };
		6B3F80A3210846BB00F283F7 /* AddBookmarkViewController.m in Sources */ = {isa = PBXBuildFile; fileRef = 6B3F80A1210846BB00F283F7 /* AddBookmarkViewController.m */; };
		6B3F80A4210846BB00F283F7 /* AddBookmarkViewController.xib in Resources */ = {isa = PBXBuildFile; fileRef = 6B3F80A2210846BB00F283F7 /* AddBookmarkViewController.xib */; };
		6B53388020C8C46700D85CD0 /* UIColor+ColorString.m in Sources */ = {isa = PBXBuildFile; fileRef = 6B53387F20C8C46700D85CD0 /* UIColor+ColorString.m */; };
		6B5338AB20C9004F00D85CD0 /* REFrostedViewController.m in Sources */ = {isa = PBXBuildFile; fileRef = 6B5338A020C9004F00D85CD0 /* REFrostedViewController.m */; };
		6B5338AC20C9004F00D85CD0 /* UIView+REFrostedViewController.m in Sources */ = {isa = PBXBuildFile; fileRef = 6B5338A520C9004F00D85CD0 /* UIView+REFrostedViewController.m */; };
		6B5338AD20C9004F00D85CD0 /* UIViewController+REFrostedViewController.m in Sources */ = {isa = PBXBuildFile; fileRef = 6B5338A720C9004F00D85CD0 /* UIViewController+REFrostedViewController.m */; };
		6B5338AE20C9004F00D85CD0 /* REFrostedContainerViewController.m in Sources */ = {isa = PBXBuildFile; fileRef = 6B5338A820C9004F00D85CD0 /* REFrostedContainerViewController.m */; };
		6B5338AF20C9004F00D85CD0 /* UIImage+REFrostedViewController.m in Sources */ = {isa = PBXBuildFile; fileRef = 6B5338A920C9004F00D85CD0 /* UIImage+REFrostedViewController.m */; };
		6B5338B020C9004F00D85CD0 /* RECommonFunctions.m in Sources */ = {isa = PBXBuildFile; fileRef = 6B5338AA20C9004F00D85CD0 /* RECommonFunctions.m */; };
		6B5338B320C9007900D85CD0 /* MenuViewController.m in Sources */ = {isa = PBXBuildFile; fileRef = 6B5338B220C9007900D85CD0 /* MenuViewController.m */; };
		6B5338B820C9110D00D85CD0 /* BookmarkCollectionViewCell.m in Sources */ = {isa = PBXBuildFile; fileRef = 6B5338B620C9110D00D85CD0 /* BookmarkCollectionViewCell.m */; };
		6B5338B920C9110D00D85CD0 /* BookmarkCollectionViewCell.xib in Resources */ = {isa = PBXBuildFile; fileRef = 6B5338B720C9110D00D85CD0 /* BookmarkCollectionViewCell.xib */; };
		6B6E046520F8840E009D19BB /* BookShelfViewController.m in Sources */ = {isa = PBXBuildFile; fileRef = 6B6E046320F8840E009D19BB /* BookShelfViewController.m */; };
		6B6E046620F8840E009D19BB /* BookShelfViewController.xib in Resources */ = {isa = PBXBuildFile; fileRef = 6B6E046420F8840E009D19BB /* BookShelfViewController.xib */; };
		6B6E046A20F88641009D19BB /* BookShelfCollectionViewCell.m in Sources */ = {isa = PBXBuildFile; fileRef = 6B6E046820F88641009D19BB /* BookShelfCollectionViewCell.m */; };
		6B6E046B20F88641009D19BB /* BookShelfCollectionViewCell.xib in Resources */ = {isa = PBXBuildFile; fileRef = 6B6E046920F88641009D19BB /* BookShelfCollectionViewCell.xib */; };
		6B6E046F20F88659009D19BB /* BookDetailCollectionViewCell.m in Sources */ = {isa = PBXBuildFile; fileRef = 6B6E046D20F88659009D19BB /* BookDetailCollectionViewCell.m */; };
		6B6E047020F88659009D19BB /* BookDetailCollectionViewCell.xib in Resources */ = {isa = PBXBuildFile; fileRef = 6B6E046E20F88659009D19BB /* BookDetailCollectionViewCell.xib */; };
		6B73478120ED9FD300BD5812 /* BookDetailViewController.m in Sources */ = {isa = PBXBuildFile; fileRef = 6B73477F20ED9FD300BD5812 /* BookDetailViewController.m */; };
		6B73478220ED9FD300BD5812 /* BookDetailViewController.xib in Resources */ = {isa = PBXBuildFile; fileRef = 6B73478020ED9FD300BD5812 /* BookDetailViewController.xib */; };
		6B7DDFAC20FEC6B8003A954B /* AddBookViewController.m in Sources */ = {isa = PBXBuildFile; fileRef = 6B7DDFAA20FEC6B8003A954B /* AddBookViewController.m */; };
		6B7DDFAD20FEC6B8003A954B /* AddBookViewController.xib in Resources */ = {isa = PBXBuildFile; fileRef = 6B7DDFAB20FEC6B8003A954B /* AddBookViewController.xib */; };
		6B7DDFBB20FF0FBD003A954B /* BookMarkHeaderCollectionReusableView.m in Sources */ = {isa = PBXBuildFile; fileRef = 6B7DDFB920FF0FBD003A954B /* BookMarkHeaderCollectionReusableView.m */; };
		6B7DDFBC20FF0FBD003A954B /* BookMarkHeaderCollectionReusableView.xib in Resources */ = {isa = PBXBuildFile; fileRef = 6B7DDFBA20FF0FBD003A954B /* BookMarkHeaderCollectionReusableView.xib */; };
		6B8EF31621055984001EFDCD /* Reachability.m in Sources */ = {isa = PBXBuildFile; fileRef = 6B8EF31421055984001EFDCD /* Reachability.m */; };
		6B8EF319210559B2001EFDCD /* AdminConnectionManager.m in Sources */ = {isa = PBXBuildFile; fileRef = 6B8EF318210559B2001EFDCD /* AdminConnectionManager.m */; };
		6B8EF31E210562C4001EFDCD /* BookSearchViewController.m in Sources */ = {isa = PBXBuildFile; fileRef = 6B8EF31C210562C4001EFDCD /* BookSearchViewController.m */; };
		6B8EF31F210562C4001EFDCD /* BookSearchViewController.xib in Resources */ = {isa = PBXBuildFile; fileRef = 6B8EF31D210562C4001EFDCD /* BookSearchViewController.xib */; };
		6B8EF32321058DB9001EFDCD /* BookSearchCollectionViewCell.m in Sources */ = {isa = PBXBuildFile; fileRef = 6B8EF32121058DB9001EFDCD /* BookSearchCollectionViewCell.m */; };
		6B8EF32421058DB9001EFDCD /* BookSearchCollectionViewCell.xib in Resources */ = {isa = PBXBuildFile; fileRef = 6B8EF32221058DB9001EFDCD /* BookSearchCollectionViewCell.xib */; };
		6B8EF3272105A595001EFDCD /* XMLDictionary.m in Sources */ = {isa = PBXBuildFile; fileRef = 6B8EF3252105A595001EFDCD /* XMLDictionary.m */; };
		6B970D382113E754008536C1 /* JVFloatLabeledTextView.m in Sources */ = {isa = PBXBuildFile; fileRef = 6B970D322113E752008536C1 /* JVFloatLabeledTextView.m */; };
		6B970D392113E754008536C1 /* JVFloatLabeledTextField.m in Sources */ = {isa = PBXBuildFile; fileRef = 6B970D342113E753008536C1 /* JVFloatLabeledTextField.m */; };
		6B970D3A2113E754008536C1 /* NSString+TextDirectionality.m in Sources */ = {isa = PBXBuildFile; fileRef = 6B970D362113E753008536C1 /* NSString+TextDirectionality.m */; };
		6B970D3E2113E934008536C1 /* WriteBookViewController.m in Sources */ = {isa = PBXBuildFile; fileRef = 6B970D3C2113E934008536C1 /* WriteBookViewController.m */; };
		6B970D3F2113E934008536C1 /* WriteBookViewController.xib in Resources */ = {isa = PBXBuildFile; fileRef = 6B970D3D2113E934008536C1 /* WriteBookViewController.xib */; };
		6BBF48F6210AAE1400313CD5 /* tessdata in Resources */ = {isa = PBXBuildFile; fileRef = 6BBF48F5210AAE1400313CD5 /* tessdata */; };
		6BCBA19C20C522C40056BAFB /* IntroViewController.m in Sources */ = {isa = PBXBuildFile; fileRef = 6BCBA19A20C522C40056BAFB /* IntroViewController.m */; };
		6BCBA19D20C522C40056BAFB /* IntroViewController.xib in Resources */ = {isa = PBXBuildFile; fileRef = 6BCBA19B20C522C40056BAFB /* IntroViewController.xib */; };
		6BCBA1A620C527930056BAFB /* BookmarkViewController.m in Sources */ = {isa = PBXBuildFile; fileRef = 6BCBA1A420C527930056BAFB /* BookmarkViewController.m */; };
		6BCBA1B020C52E8A0056BAFB /* Localizable.strings in Resources */ = {isa = PBXBuildFile; fileRef = 6BCBA1AE20C52E8A0056BAFB /* Localizable.strings */; };
		6BCBA1B220C533590056BAFB /* BookmarkViewController.xib in Resources */ = {isa = PBXBuildFile; fileRef = 6BCBA1B420C533590056BAFB /* BookmarkViewController.xib */; };
		AE5F724F2114AD01004B355F /* BookmarkDetailViewController.m in Sources */ = {isa = PBXBuildFile; fileRef = AE5F724D2114AD01004B355F /* BookmarkDetailViewController.m */; };
		AE5F72502114AD01004B355F /* BookmarkDetailViewController.xib in Resources */ = {isa = PBXBuildFile; fileRef = AE5F724E2114AD01004B355F /* BookmarkDetailViewController.xib */; };
/* End PBXBuildFile section */

/* Begin PBXContainerItemProxy section */
		6B030EBD20BE374D0060E8AD /* PBXContainerItemProxy */ = {
			isa = PBXContainerItemProxy;
			containerPortal = 6B030E9920BE374D0060E8AD /* Project object */;
			proxyType = 1;
			remoteGlobalIDString = 6B030EA020BE374D0060E8AD;
			remoteInfo = whatiread;
		};
		6B030EC820BE374D0060E8AD /* PBXContainerItemProxy */ = {
			isa = PBXContainerItemProxy;
			containerPortal = 6B030E9920BE374D0060E8AD /* Project object */;
			proxyType = 1;
			remoteGlobalIDString = 6B030EA020BE374D0060E8AD;
			remoteInfo = whatiread;
		};
/* End PBXContainerItemProxy section */

/* Begin PBXFileReference section */
		2E075676C67B5870AF5FFD84 /* libPods-whatiread.a */ = {isa = PBXFileReference; explicitFileType = archive.ar; includeInIndex = 0; path = "libPods-whatiread.a"; sourceTree = BUILT_PRODUCTS_DIR; };
		4A0A52F2B9EA4E665ADB7938 /* Pods-whatiread.debug.xcconfig */ = {isa = PBXFileReference; includeInIndex = 1; lastKnownFileType = text.xcconfig; name = "Pods-whatiread.debug.xcconfig"; path = "Pods/Target Support Files/Pods-whatiread/Pods-whatiread.debug.xcconfig"; sourceTree = "<group>"; };
		6B030EA120BE374D0060E8AD /* whatiread.app */ = {isa = PBXFileReference; explicitFileType = wrapper.application; includeInIndex = 0; path = whatiread.app; sourceTree = BUILT_PRODUCTS_DIR; };
		6B030EA420BE374D0060E8AD /* AppDelegate.h */ = {isa = PBXFileReference; lastKnownFileType = sourcecode.c.h; path = AppDelegate.h; sourceTree = "<group>"; };
		6B030EA520BE374D0060E8AD /* AppDelegate.m */ = {isa = PBXFileReference; lastKnownFileType = sourcecode.c.objc; path = AppDelegate.m; sourceTree = "<group>"; };
		6B030EA720BE374D0060E8AD /* CommonViewController.h */ = {isa = PBXFileReference; lastKnownFileType = sourcecode.c.h; path = CommonViewController.h; sourceTree = "<group>"; };
		6B030EA820BE374D0060E8AD /* CommonViewController.m */ = {isa = PBXFileReference; lastKnownFileType = sourcecode.c.objc; path = CommonViewController.m; sourceTree = "<group>"; };
		6B030EAB20BE374D0060E8AD /* Base */ = {isa = PBXFileReference; lastKnownFileType = file.storyboard; name = Base; path = Base.lproj/Main.storyboard; sourceTree = "<group>"; };
		6B030EAE20BE374D0060E8AD /* whatiread.xcdatamodel */ = {isa = PBXFileReference; lastKnownFileType = wrapper.xcdatamodel; path = whatiread.xcdatamodel; sourceTree = "<group>"; };
		6B030EB320BE374D0060E8AD /* Base */ = {isa = PBXFileReference; lastKnownFileType = file.storyboard; name = Base; path = Base.lproj/LaunchScreen.storyboard; sourceTree = "<group>"; };
		6B030EB520BE374D0060E8AD /* Info.plist */ = {isa = PBXFileReference; lastKnownFileType = text.plist.xml; path = Info.plist; sourceTree = "<group>"; };
		6B030EB620BE374D0060E8AD /* main.m */ = {isa = PBXFileReference; lastKnownFileType = sourcecode.c.objc; path = main.m; sourceTree = "<group>"; };
		6B030EBC20BE374D0060E8AD /* whatireadTests.xctest */ = {isa = PBXFileReference; explicitFileType = wrapper.cfbundle; includeInIndex = 0; path = whatireadTests.xctest; sourceTree = BUILT_PRODUCTS_DIR; };
		6B030EC020BE374D0060E8AD /* whatireadTests.m */ = {isa = PBXFileReference; lastKnownFileType = sourcecode.c.objc; path = whatireadTests.m; sourceTree = "<group>"; };
		6B030EC220BE374D0060E8AD /* Info.plist */ = {isa = PBXFileReference; lastKnownFileType = text.plist.xml; path = Info.plist; sourceTree = "<group>"; };
		6B030EC720BE374D0060E8AD /* whatireadUITests.xctest */ = {isa = PBXFileReference; explicitFileType = wrapper.cfbundle; includeInIndex = 0; path = whatireadUITests.xctest; sourceTree = BUILT_PRODUCTS_DIR; };
		6B030ECB20BE374D0060E8AD /* whatireadUITests.m */ = {isa = PBXFileReference; lastKnownFileType = sourcecode.c.objc; path = whatireadUITests.m; sourceTree = "<group>"; };
		6B030ECD20BE374D0060E8AD /* Info.plist */ = {isa = PBXFileReference; lastKnownFileType = text.plist.xml; path = Info.plist; sourceTree = "<group>"; };
		6B030EDB20BE381D0060E8AD /* CommonHeader.h */ = {isa = PBXFileReference; lastKnownFileType = sourcecode.c.h; path = CommonHeader.h; sourceTree = "<group>"; };
		6B030EDC20BE38EC0060E8AD /* PrefixHeader.pch */ = {isa = PBXFileReference; lastKnownFileType = sourcecode.c.h; path = PrefixHeader.pch; sourceTree = "<group>"; };
		6B030EE320BE3DB90060E8AD /* CoreDataAccess.h */ = {isa = PBXFileReference; lastKnownFileType = sourcecode.c.h; path = CoreDataAccess.h; sourceTree = "<group>"; };
		6B030EE420BE3DB90060E8AD /* CoreDataAccess.m */ = {isa = PBXFileReference; lastKnownFileType = sourcecode.c.objc; path = CoreDataAccess.m; sourceTree = "<group>"; };
		6B030EE620BE44B00060E8AD /* TestViewController.h */ = {isa = PBXFileReference; lastKnownFileType = sourcecode.c.h; path = TestViewController.h; sourceTree = "<group>"; };
		6B030EE720BE44B00060E8AD /* TestViewController.m */ = {isa = PBXFileReference; lastKnownFileType = sourcecode.c.objc; path = TestViewController.m; sourceTree = "<group>"; };
		6B030EE820BE44B00060E8AD /* TestViewController.xib */ = {isa = PBXFileReference; lastKnownFileType = file.xib; path = TestViewController.xib; sourceTree = "<group>"; };
		6B2AF62B20FD80AC0091AE3D /* Assets.xcassets */ = {isa = PBXFileReference; lastKnownFileType = folder.assetcatalog; path = Assets.xcassets; sourceTree = "<group>"; };
		6B30CDF12106A51400EDF627 /* IndicatorUtil.h */ = {isa = PBXFileReference; fileEncoding = 4; lastKnownFileType = sourcecode.c.h; path = IndicatorUtil.h; sourceTree = "<group>"; };
		6B30CDF22106A51400EDF627 /* IndicatorUtil.m */ = {isa = PBXFileReference; fileEncoding = 4; lastKnownFileType = sourcecode.c.objc; path = IndicatorUtil.m; sourceTree = "<group>"; };
		6B3F80A0210846BB00F283F7 /* AddBookmarkViewController.h */ = {isa = PBXFileReference; lastKnownFileType = sourcecode.c.h; path = AddBookmarkViewController.h; sourceTree = "<group>"; };
		6B3F80A1210846BB00F283F7 /* AddBookmarkViewController.m */ = {isa = PBXFileReference; lastKnownFileType = sourcecode.c.objc; path = AddBookmarkViewController.m; sourceTree = "<group>"; };
		6B3F80A2210846BB00F283F7 /* AddBookmarkViewController.xib */ = {isa = PBXFileReference; lastKnownFileType = file.xib; path = AddBookmarkViewController.xib; sourceTree = "<group>"; };
		6B53387E20C8C46600D85CD0 /* UIColor+ColorString.h */ = {isa = PBXFileReference; fileEncoding = 4; lastKnownFileType = sourcecode.c.h; path = "UIColor+ColorString.h"; sourceTree = "<group>"; };
		6B53387F20C8C46700D85CD0 /* UIColor+ColorString.m */ = {isa = PBXFileReference; fileEncoding = 4; lastKnownFileType = sourcecode.c.objc; path = "UIColor+ColorString.m"; sourceTree = "<group>"; };
		6B53389F20C9004F00D85CD0 /* UIViewController+REFrostedViewController.h */ = {isa = PBXFileReference; fileEncoding = 4; lastKnownFileType = sourcecode.c.h; path = "UIViewController+REFrostedViewController.h"; sourceTree = "<group>"; };
		6B5338A020C9004F00D85CD0 /* REFrostedViewController.m */ = {isa = PBXFileReference; fileEncoding = 4; lastKnownFileType = sourcecode.c.objc; path = REFrostedViewController.m; sourceTree = "<group>"; };
		6B5338A120C9004F00D85CD0 /* UIView+REFrostedViewController.h */ = {isa = PBXFileReference; fileEncoding = 4; lastKnownFileType = sourcecode.c.h; path = "UIView+REFrostedViewController.h"; sourceTree = "<group>"; };
		6B5338A220C9004F00D85CD0 /* REFrostedContainerViewController.h */ = {isa = PBXFileReference; fileEncoding = 4; lastKnownFileType = sourcecode.c.h; path = REFrostedContainerViewController.h; sourceTree = "<group>"; };
		6B5338A320C9004F00D85CD0 /* RECommonFunctions.h */ = {isa = PBXFileReference; fileEncoding = 4; lastKnownFileType = sourcecode.c.h; path = RECommonFunctions.h; sourceTree = "<group>"; };
		6B5338A420C9004F00D85CD0 /* UIImage+REFrostedViewController.h */ = {isa = PBXFileReference; fileEncoding = 4; lastKnownFileType = sourcecode.c.h; path = "UIImage+REFrostedViewController.h"; sourceTree = "<group>"; };
		6B5338A520C9004F00D85CD0 /* UIView+REFrostedViewController.m */ = {isa = PBXFileReference; fileEncoding = 4; lastKnownFileType = sourcecode.c.objc; path = "UIView+REFrostedViewController.m"; sourceTree = "<group>"; };
		6B5338A620C9004F00D85CD0 /* REFrostedViewController.h */ = {isa = PBXFileReference; fileEncoding = 4; lastKnownFileType = sourcecode.c.h; path = REFrostedViewController.h; sourceTree = "<group>"; };
		6B5338A720C9004F00D85CD0 /* UIViewController+REFrostedViewController.m */ = {isa = PBXFileReference; fileEncoding = 4; lastKnownFileType = sourcecode.c.objc; path = "UIViewController+REFrostedViewController.m"; sourceTree = "<group>"; };
		6B5338A820C9004F00D85CD0 /* REFrostedContainerViewController.m */ = {isa = PBXFileReference; fileEncoding = 4; lastKnownFileType = sourcecode.c.objc; path = REFrostedContainerViewController.m; sourceTree = "<group>"; };
		6B5338A920C9004F00D85CD0 /* UIImage+REFrostedViewController.m */ = {isa = PBXFileReference; fileEncoding = 4; lastKnownFileType = sourcecode.c.objc; path = "UIImage+REFrostedViewController.m"; sourceTree = "<group>"; };
		6B5338AA20C9004F00D85CD0 /* RECommonFunctions.m */ = {isa = PBXFileReference; fileEncoding = 4; lastKnownFileType = sourcecode.c.objc; path = RECommonFunctions.m; sourceTree = "<group>"; };
		6B5338B120C9007900D85CD0 /* MenuViewController.h */ = {isa = PBXFileReference; lastKnownFileType = sourcecode.c.h; path = MenuViewController.h; sourceTree = "<group>"; };
		6B5338B220C9007900D85CD0 /* MenuViewController.m */ = {isa = PBXFileReference; lastKnownFileType = sourcecode.c.objc; path = MenuViewController.m; sourceTree = "<group>"; };
		6B5338B520C9110D00D85CD0 /* BookmarkCollectionViewCell.h */ = {isa = PBXFileReference; lastKnownFileType = sourcecode.c.h; path = BookmarkCollectionViewCell.h; sourceTree = "<group>"; };
		6B5338B620C9110D00D85CD0 /* BookmarkCollectionViewCell.m */ = {isa = PBXFileReference; lastKnownFileType = sourcecode.c.objc; path = BookmarkCollectionViewCell.m; sourceTree = "<group>"; };
		6B5338B720C9110D00D85CD0 /* BookmarkCollectionViewCell.xib */ = {isa = PBXFileReference; lastKnownFileType = file.xib; path = BookmarkCollectionViewCell.xib; sourceTree = "<group>"; };
		6B6E046220F8840E009D19BB /* BookShelfViewController.h */ = {isa = PBXFileReference; lastKnownFileType = sourcecode.c.h; path = BookShelfViewController.h; sourceTree = "<group>"; };
		6B6E046320F8840E009D19BB /* BookShelfViewController.m */ = {isa = PBXFileReference; lastKnownFileType = sourcecode.c.objc; path = BookShelfViewController.m; sourceTree = "<group>"; };
		6B6E046420F8840E009D19BB /* BookShelfViewController.xib */ = {isa = PBXFileReference; lastKnownFileType = file.xib; path = BookShelfViewController.xib; sourceTree = "<group>"; };
		6B6E046720F88641009D19BB /* BookShelfCollectionViewCell.h */ = {isa = PBXFileReference; lastKnownFileType = sourcecode.c.h; path = BookShelfCollectionViewCell.h; sourceTree = "<group>"; };
		6B6E046820F88641009D19BB /* BookShelfCollectionViewCell.m */ = {isa = PBXFileReference; lastKnownFileType = sourcecode.c.objc; path = BookShelfCollectionViewCell.m; sourceTree = "<group>"; };
		6B6E046920F88641009D19BB /* BookShelfCollectionViewCell.xib */ = {isa = PBXFileReference; lastKnownFileType = file.xib; path = BookShelfCollectionViewCell.xib; sourceTree = "<group>"; };
		6B6E046C20F88659009D19BB /* BookDetailCollectionViewCell.h */ = {isa = PBXFileReference; lastKnownFileType = sourcecode.c.h; path = BookDetailCollectionViewCell.h; sourceTree = "<group>"; };
		6B6E046D20F88659009D19BB /* BookDetailCollectionViewCell.m */ = {isa = PBXFileReference; lastKnownFileType = sourcecode.c.objc; path = BookDetailCollectionViewCell.m; sourceTree = "<group>"; };
		6B6E046E20F88659009D19BB /* BookDetailCollectionViewCell.xib */ = {isa = PBXFileReference; lastKnownFileType = file.xib; path = BookDetailCollectionViewCell.xib; sourceTree = "<group>"; };
		6B73477E20ED9FD300BD5812 /* BookDetailViewController.h */ = {isa = PBXFileReference; lastKnownFileType = sourcecode.c.h; path = BookDetailViewController.h; sourceTree = "<group>"; };
		6B73477F20ED9FD300BD5812 /* BookDetailViewController.m */ = {isa = PBXFileReference; lastKnownFileType = sourcecode.c.objc; path = BookDetailViewController.m; sourceTree = "<group>"; };
		6B73478020ED9FD300BD5812 /* BookDetailViewController.xib */ = {isa = PBXFileReference; lastKnownFileType = file.xib; path = BookDetailViewController.xib; sourceTree = "<group>"; };
		6B7DDFA920FEC6B8003A954B /* AddBookViewController.h */ = {isa = PBXFileReference; lastKnownFileType = sourcecode.c.h; path = AddBookViewController.h; sourceTree = "<group>"; };
		6B7DDFAA20FEC6B8003A954B /* AddBookViewController.m */ = {isa = PBXFileReference; lastKnownFileType = sourcecode.c.objc; path = AddBookViewController.m; sourceTree = "<group>"; };
		6B7DDFAB20FEC6B8003A954B /* AddBookViewController.xib */ = {isa = PBXFileReference; lastKnownFileType = file.xib; path = AddBookViewController.xib; sourceTree = "<group>"; };
		6B7DDFB820FF0FBD003A954B /* BookMarkHeaderCollectionReusableView.h */ = {isa = PBXFileReference; lastKnownFileType = sourcecode.c.h; path = BookMarkHeaderCollectionReusableView.h; sourceTree = "<group>"; };
		6B7DDFB920FF0FBD003A954B /* BookMarkHeaderCollectionReusableView.m */ = {isa = PBXFileReference; lastKnownFileType = sourcecode.c.objc; path = BookMarkHeaderCollectionReusableView.m; sourceTree = "<group>"; };
		6B7DDFBA20FF0FBD003A954B /* BookMarkHeaderCollectionReusableView.xib */ = {isa = PBXFileReference; lastKnownFileType = file.xib; path = BookMarkHeaderCollectionReusableView.xib; sourceTree = "<group>"; };
		6B8EF31421055984001EFDCD /* Reachability.m */ = {isa = PBXFileReference; fileEncoding = 4; lastKnownFileType = sourcecode.c.objc; path = Reachability.m; sourceTree = "<group>"; };
		6B8EF31521055984001EFDCD /* Reachability.h */ = {isa = PBXFileReference; fileEncoding = 4; lastKnownFileType = sourcecode.c.h; path = Reachability.h; sourceTree = "<group>"; };
		6B8EF317210559B2001EFDCD /* AdminConnectionManager.h */ = {isa = PBXFileReference; lastKnownFileType = sourcecode.c.h; path = AdminConnectionManager.h; sourceTree = "<group>"; };
		6B8EF318210559B2001EFDCD /* AdminConnectionManager.m */ = {isa = PBXFileReference; lastKnownFileType = sourcecode.c.objc; path = AdminConnectionManager.m; sourceTree = "<group>"; };
		6B8EF31B210562C4001EFDCD /* BookSearchViewController.h */ = {isa = PBXFileReference; lastKnownFileType = sourcecode.c.h; path = BookSearchViewController.h; sourceTree = "<group>"; };
		6B8EF31C210562C4001EFDCD /* BookSearchViewController.m */ = {isa = PBXFileReference; lastKnownFileType = sourcecode.c.objc; path = BookSearchViewController.m; sourceTree = "<group>"; };
		6B8EF31D210562C4001EFDCD /* BookSearchViewController.xib */ = {isa = PBXFileReference; lastKnownFileType = file.xib; path = BookSearchViewController.xib; sourceTree = "<group>"; };
		6B8EF32021058DB9001EFDCD /* BookSearchCollectionViewCell.h */ = {isa = PBXFileReference; lastKnownFileType = sourcecode.c.h; path = BookSearchCollectionViewCell.h; sourceTree = "<group>"; };
		6B8EF32121058DB9001EFDCD /* BookSearchCollectionViewCell.m */ = {isa = PBXFileReference; lastKnownFileType = sourcecode.c.objc; path = BookSearchCollectionViewCell.m; sourceTree = "<group>"; };
		6B8EF32221058DB9001EFDCD /* BookSearchCollectionViewCell.xib */ = {isa = PBXFileReference; lastKnownFileType = file.xib; path = BookSearchCollectionViewCell.xib; sourceTree = "<group>"; };
		6B8EF3252105A595001EFDCD /* XMLDictionary.m */ = {isa = PBXFileReference; fileEncoding = 4; lastKnownFileType = sourcecode.c.objc; path = XMLDictionary.m; sourceTree = "<group>"; };
		6B8EF3262105A595001EFDCD /* XMLDictionary.h */ = {isa = PBXFileReference; fileEncoding = 4; lastKnownFileType = sourcecode.c.h; path = XMLDictionary.h; sourceTree = "<group>"; };
		6B970D322113E752008536C1 /* JVFloatLabeledTextView.m */ = {isa = PBXFileReference; fileEncoding = 4; lastKnownFileType = sourcecode.c.objc; path = JVFloatLabeledTextView.m; sourceTree = "<group>"; };
		6B970D332113E753008536C1 /* NSString+TextDirectionality.h */ = {isa = PBXFileReference; fileEncoding = 4; lastKnownFileType = sourcecode.c.h; path = "NSString+TextDirectionality.h"; sourceTree = "<group>"; };
		6B970D342113E753008536C1 /* JVFloatLabeledTextField.m */ = {isa = PBXFileReference; fileEncoding = 4; lastKnownFileType = sourcecode.c.objc; path = JVFloatLabeledTextField.m; sourceTree = "<group>"; };
		6B970D352113E753008536C1 /* JVFloatLabeledTextView.h */ = {isa = PBXFileReference; fileEncoding = 4; lastKnownFileType = sourcecode.c.h; path = JVFloatLabeledTextView.h; sourceTree = "<group>"; };
		6B970D362113E753008536C1 /* NSString+TextDirectionality.m */ = {isa = PBXFileReference; fileEncoding = 4; lastKnownFileType = sourcecode.c.objc; path = "NSString+TextDirectionality.m"; sourceTree = "<group>"; };
		6B970D372113E754008536C1 /* JVFloatLabeledTextField.h */ = {isa = PBXFileReference; fileEncoding = 4; lastKnownFileType = sourcecode.c.h; path = JVFloatLabeledTextField.h; sourceTree = "<group>"; };
		6B970D3B2113E934008536C1 /* WriteBookViewController.h */ = {isa = PBXFileReference; lastKnownFileType = sourcecode.c.h; path = WriteBookViewController.h; sourceTree = "<group>"; };
		6B970D3C2113E934008536C1 /* WriteBookViewController.m */ = {isa = PBXFileReference; lastKnownFileType = sourcecode.c.objc; path = WriteBookViewController.m; sourceTree = "<group>"; };
		6B970D3D2113E934008536C1 /* WriteBookViewController.xib */ = {isa = PBXFileReference; lastKnownFileType = file.xib; path = WriteBookViewController.xib; sourceTree = "<group>"; };
		6BBF48F5210AAE1400313CD5 /* tessdata */ = {isa = PBXFileReference; lastKnownFileType = folder; path = tessdata; sourceTree = "<group>"; };
		6BCBA19920C522C40056BAFB /* IntroViewController.h */ = {isa = PBXFileReference; lastKnownFileType = sourcecode.c.h; path = IntroViewController.h; sourceTree = "<group>"; };
		6BCBA19A20C522C40056BAFB /* IntroViewController.m */ = {isa = PBXFileReference; lastKnownFileType = sourcecode.c.objc; path = IntroViewController.m; sourceTree = "<group>"; };
		6BCBA19B20C522C40056BAFB /* IntroViewController.xib */ = {isa = PBXFileReference; lastKnownFileType = file.xib; path = IntroViewController.xib; sourceTree = "<group>"; };
		6BCBA1A320C527930056BAFB /* BookmarkViewController.h */ = {isa = PBXFileReference; lastKnownFileType = sourcecode.c.h; path = BookmarkViewController.h; sourceTree = "<group>"; };
		6BCBA1A420C527930056BAFB /* BookmarkViewController.m */ = {isa = PBXFileReference; lastKnownFileType = sourcecode.c.objc; path = BookmarkViewController.m; sourceTree = "<group>"; };
		6BCBA1AC20C52E0A0056BAFB /* ko */ = {isa = PBXFileReference; lastKnownFileType = text.plist.strings; name = ko; path = ko.lproj/Main.strings; sourceTree = "<group>"; };
		6BCBA1AD20C52E0C0056BAFB /* ko */ = {isa = PBXFileReference; lastKnownFileType = text.plist.strings; name = ko; path = ko.lproj/LaunchScreen.strings; sourceTree = "<group>"; };
		6BCBA1AF20C52E8A0056BAFB /* Base */ = {isa = PBXFileReference; lastKnownFileType = text.plist.strings; name = Base; path = Base.lproj/Localizable.strings; sourceTree = "<group>"; };
		6BCBA1B120C52EB40056BAFB /* ko */ = {isa = PBXFileReference; lastKnownFileType = text.plist.strings; name = ko; path = ko.lproj/Localizable.strings; sourceTree = "<group>"; };
		6BCBA1B520C5336D0056BAFB /* Base */ = {isa = PBXFileReference; lastKnownFileType = file.xib; name = Base; path = Base.lproj/BookmarkViewController.xib; sourceTree = "<group>"; };
		AE5F724C2114AD01004B355F /* BookmarkDetailViewController.h */ = {isa = PBXFileReference; lastKnownFileType = sourcecode.c.h; path = BookmarkDetailViewController.h; sourceTree = "<group>"; };
		AE5F724D2114AD01004B355F /* BookmarkDetailViewController.m */ = {isa = PBXFileReference; lastKnownFileType = sourcecode.c.objc; path = BookmarkDetailViewController.m; sourceTree = "<group>"; };
		AE5F724E2114AD01004B355F /* BookmarkDetailViewController.xib */ = {isa = PBXFileReference; lastKnownFileType = file.xib; path = BookmarkDetailViewController.xib; sourceTree = "<group>"; };
		FD63E1A167500F8859D854BD /* Pods-whatiread.release.xcconfig */ = {isa = PBXFileReference; includeInIndex = 1; lastKnownFileType = text.xcconfig; name = "Pods-whatiread.release.xcconfig"; path = "Pods/Target Support Files/Pods-whatiread/Pods-whatiread.release.xcconfig"; sourceTree = "<group>"; };
/* End PBXFileReference section */

/* Begin PBXFrameworksBuildPhase section */
		6B030E9E20BE374D0060E8AD /* Frameworks */ = {
			isa = PBXFrameworksBuildPhase;
			buildActionMask = 2147483647;
			files = (
				3A90FD9EF196B69753E03AF7 /* libPods-whatiread.a in Frameworks */,
			);
			runOnlyForDeploymentPostprocessing = 0;
		};
		6B030EB920BE374D0060E8AD /* Frameworks */ = {
			isa = PBXFrameworksBuildPhase;
			buildActionMask = 2147483647;
			files = (
			);
			runOnlyForDeploymentPostprocessing = 0;
		};
		6B030EC420BE374D0060E8AD /* Frameworks */ = {
			isa = PBXFrameworksBuildPhase;
			buildActionMask = 2147483647;
			files = (
			);
			runOnlyForDeploymentPostprocessing = 0;
		};
/* End PBXFrameworksBuildPhase section */

/* Begin PBXGroup section */
		6B030E9820BE374D0060E8AD = {
			isa = PBXGroup;
			children = (
				6B030EA320BE374D0060E8AD /* whatiread */,
				6B030EBF20BE374D0060E8AD /* whatireadTests */,
				6B030ECA20BE374D0060E8AD /* whatireadUITests */,
				6B030EA220BE374D0060E8AD /* Products */,
				6B030F1020BE94FC0060E8AD /* Frameworks */,
				BAE9EBBA22C9BA8C3A79F500 /* Pods */,
			);
			sourceTree = "<group>";
		};
		6B030EA220BE374D0060E8AD /* Products */ = {
			isa = PBXGroup;
			children = (
				6B030EA120BE374D0060E8AD /* whatiread.app */,
				6B030EBC20BE374D0060E8AD /* whatireadTests.xctest */,
				6B030EC720BE374D0060E8AD /* whatireadUITests.xctest */,
			);
			name = Products;
			sourceTree = "<group>";
		};
		6B030EA320BE374D0060E8AD /* whatiread */ = {
			isa = PBXGroup;
			children = (
				6BBF48F5210AAE1400313CD5 /* tessdata */,
				6B8EF31221055952001EFDCD /* Connection */,
				6B030EE220BE3D950060E8AD /* CoreData */,
				6B030EDA20BE38030060E8AD /* Util */,
				6B030ED920BE37F00060E8AD /* View */,
				6B030EA420BE374D0060E8AD /* AppDelegate.h */,
				6B030EA520BE374D0060E8AD /* AppDelegate.m */,
				6B030EAA20BE374D0060E8AD /* Main.storyboard */,
				6B030EB220BE374D0060E8AD /* LaunchScreen.storyboard */,
				6B030EB520BE374D0060E8AD /* Info.plist */,
				6B030EB620BE374D0060E8AD /* main.m */,
				6B030EAD20BE374D0060E8AD /* whatiread.xcdatamodeld */,
				6B030EDB20BE381D0060E8AD /* CommonHeader.h */,
				6B030EDC20BE38EC0060E8AD /* PrefixHeader.pch */,
				6B2AF62B20FD80AC0091AE3D /* Assets.xcassets */,
				6BCBA1AE20C52E8A0056BAFB /* Localizable.strings */,
			);
			path = whatiread;
			sourceTree = "<group>";
		};
		6B030EBF20BE374D0060E8AD /* whatireadTests */ = {
			isa = PBXGroup;
			children = (
				6B030EC020BE374D0060E8AD /* whatireadTests.m */,
				6B030EC220BE374D0060E8AD /* Info.plist */,
			);
			path = whatireadTests;
			sourceTree = "<group>";
		};
		6B030ECA20BE374D0060E8AD /* whatireadUITests */ = {
			isa = PBXGroup;
			children = (
				6B030ECB20BE374D0060E8AD /* whatireadUITests.m */,
				6B030ECD20BE374D0060E8AD /* Info.plist */,
			);
			path = whatireadUITests;
			sourceTree = "<group>";
		};
		6B030ED920BE37F00060E8AD /* View */ = {
			isa = PBXGroup;
			children = (
				6B30CDF02106A50400EDF627 /* Util */,
				6B8EF31A210562A1001EFDCD /* Search */,
				6B53389A20C8F17900D85CD0 /* Menu */,
				6BCBA1A220C527500056BAFB /* Bookshelf */,
				6BCBA1A120C5273F0056BAFB /* Bookmark */,
				6B030EA720BE374D0060E8AD /* CommonViewController.h */,
				6B030EA820BE374D0060E8AD /* CommonViewController.m */,
				6B030EE620BE44B00060E8AD /* TestViewController.h */,
				6B030EE720BE44B00060E8AD /* TestViewController.m */,
				6B030EE820BE44B00060E8AD /* TestViewController.xib */,
				6BCBA19920C522C40056BAFB /* IntroViewController.h */,
				6BCBA19A20C522C40056BAFB /* IntroViewController.m */,
				6BCBA19B20C522C40056BAFB /* IntroViewController.xib */,
			);
			path = View;
			sourceTree = "<group>";
		};
		6B030EDA20BE38030060E8AD /* Util */ = {
			isa = PBXGroup;
			children = (
				6B8EF3262105A595001EFDCD /* XMLDictionary.h */,
				6B8EF3252105A595001EFDCD /* XMLDictionary.m */,
				6B53387E20C8C46600D85CD0 /* UIColor+ColorString.h */,
				6B53387F20C8C46700D85CD0 /* UIColor+ColorString.m */,
			);
			path = Util;
			sourceTree = "<group>";
		};
		6B030EE220BE3D950060E8AD /* CoreData */ = {
			isa = PBXGroup;
			children = (
				6B030EE320BE3DB90060E8AD /* CoreDataAccess.h */,
				6B030EE420BE3DB90060E8AD /* CoreDataAccess.m */,
			);
			path = CoreData;
			sourceTree = "<group>";
		};
		6B030F1020BE94FC0060E8AD /* Frameworks */ = {
			isa = PBXGroup;
			children = (
				2E075676C67B5870AF5FFD84 /* libPods-whatiread.a */,
			);
			name = Frameworks;
			sourceTree = "<group>";
		};
		6B30CDF02106A50400EDF627 /* Util */ = {
			isa = PBXGroup;
			children = (
				6B970D312113E73F008536C1 /* JVFloatLabeledTextField */,
				6B30CDF12106A51400EDF627 /* IndicatorUtil.h */,
				6B30CDF22106A51400EDF627 /* IndicatorUtil.m */,
			);
			path = Util;
			sourceTree = "<group>";
		};
		6B53389A20C8F17900D85CD0 /* Menu */ = {
			isa = PBXGroup;
			children = (
				6B53389E20C9004F00D85CD0 /* REFrostedViewController */,
				6B5338B120C9007900D85CD0 /* MenuViewController.h */,
				6B5338B220C9007900D85CD0 /* MenuViewController.m */,
			);
			path = Menu;
			sourceTree = "<group>";
		};
		6B53389E20C9004F00D85CD0 /* REFrostedViewController */ = {
			isa = PBXGroup;
			children = (
				6B53389F20C9004F00D85CD0 /* UIViewController+REFrostedViewController.h */,
				6B5338A720C9004F00D85CD0 /* UIViewController+REFrostedViewController.m */,
				6B5338A320C9004F00D85CD0 /* RECommonFunctions.h */,
				6B5338AA20C9004F00D85CD0 /* RECommonFunctions.m */,
				6B5338A620C9004F00D85CD0 /* REFrostedViewController.h */,
				6B5338A020C9004F00D85CD0 /* REFrostedViewController.m */,
				6B5338A120C9004F00D85CD0 /* UIView+REFrostedViewController.h */,
				6B5338A520C9004F00D85CD0 /* UIView+REFrostedViewController.m */,
				6B5338A220C9004F00D85CD0 /* REFrostedContainerViewController.h */,
				6B5338A820C9004F00D85CD0 /* REFrostedContainerViewController.m */,
				6B5338A420C9004F00D85CD0 /* UIImage+REFrostedViewController.h */,
				6B5338A920C9004F00D85CD0 /* UIImage+REFrostedViewController.m */,
			);
			path = REFrostedViewController;
			sourceTree = "<group>";
		};
		6B8EF31221055952001EFDCD /* Connection */ = {
			isa = PBXGroup;
			children = (
				6B8EF31321055970001EFDCD /* network */,
				6B8EF317210559B2001EFDCD /* AdminConnectionManager.h */,
				6B8EF318210559B2001EFDCD /* AdminConnectionManager.m */,
			);
			path = Connection;
			sourceTree = "<group>";
		};
		6B8EF31321055970001EFDCD /* network */ = {
			isa = PBXGroup;
			children = (
				6B8EF31521055984001EFDCD /* Reachability.h */,
				6B8EF31421055984001EFDCD /* Reachability.m */,
			);
			path = network;
			sourceTree = "<group>";
		};
		6B8EF31A210562A1001EFDCD /* Search */ = {
			isa = PBXGroup;
			children = (
				6B8EF31B210562C4001EFDCD /* BookSearchViewController.h */,
				6B8EF31C210562C4001EFDCD /* BookSearchViewController.m */,
				6B8EF31D210562C4001EFDCD /* BookSearchViewController.xib */,
				6B8EF32021058DB9001EFDCD /* BookSearchCollectionViewCell.h */,
				6B8EF32121058DB9001EFDCD /* BookSearchCollectionViewCell.m */,
				6B8EF32221058DB9001EFDCD /* BookSearchCollectionViewCell.xib */,
			);
			path = Search;
			sourceTree = "<group>";
		};
		6B970D312113E73F008536C1 /* JVFloatLabeledTextField */ = {
			isa = PBXGroup;
			children = (
				6B970D372113E754008536C1 /* JVFloatLabeledTextField.h */,
				6B970D342113E753008536C1 /* JVFloatLabeledTextField.m */,
				6B970D352113E753008536C1 /* JVFloatLabeledTextView.h */,
				6B970D322113E752008536C1 /* JVFloatLabeledTextView.m */,
				6B970D332113E753008536C1 /* NSString+TextDirectionality.h */,
				6B970D362113E753008536C1 /* NSString+TextDirectionality.m */,
			);
			path = JVFloatLabeledTextField;
			sourceTree = "<group>";
		};
		6BCBA1A120C5273F0056BAFB /* Bookmark */ = {
			isa = PBXGroup;
			children = (
				6BCBA1A320C527930056BAFB /* BookmarkViewController.h */,
				6BCBA1A420C527930056BAFB /* BookmarkViewController.m */,
				6BCBA1B420C533590056BAFB /* BookmarkViewController.xib */,
				6B5338B520C9110D00D85CD0 /* BookmarkCollectionViewCell.h */,
				6B5338B620C9110D00D85CD0 /* BookmarkCollectionViewCell.m */,
				6B5338B720C9110D00D85CD0 /* BookmarkCollectionViewCell.xib */,
				6B7DDFB820FF0FBD003A954B /* BookMarkHeaderCollectionReusableView.h */,
				6B7DDFB920FF0FBD003A954B /* BookMarkHeaderCollectionReusableView.m */,
				6B7DDFBA20FF0FBD003A954B /* BookMarkHeaderCollectionReusableView.xib */,
				6B3F80A0210846BB00F283F7 /* AddBookmarkViewController.h */,
				6B3F80A1210846BB00F283F7 /* AddBookmarkViewController.m */,
				6B3F80A2210846BB00F283F7 /* AddBookmarkViewController.xib */,
				AE5F724C2114AD01004B355F /* BookmarkDetailViewController.h */,
				AE5F724D2114AD01004B355F /* BookmarkDetailViewController.m */,
				AE5F724E2114AD01004B355F /* BookmarkDetailViewController.xib */,
			);
			path = Bookmark;
			sourceTree = "<group>";
		};
		6BCBA1A220C527500056BAFB /* Bookshelf */ = {
			isa = PBXGroup;
			children = (
				6B6E046220F8840E009D19BB /* BookShelfViewController.h */,
				6B6E046320F8840E009D19BB /* BookShelfViewController.m */,
				6B6E046420F8840E009D19BB /* BookShelfViewController.xib */,
				6B6E046720F88641009D19BB /* BookShelfCollectionViewCell.h */,
				6B6E046820F88641009D19BB /* BookShelfCollectionViewCell.m */,
				6B6E046920F88641009D19BB /* BookShelfCollectionViewCell.xib */,
				6B73477E20ED9FD300BD5812 /* BookDetailViewController.h */,
				6B73477F20ED9FD300BD5812 /* BookDetailViewController.m */,
				6B73478020ED9FD300BD5812 /* BookDetailViewController.xib */,
				6B6E046C20F88659009D19BB /* BookDetailCollectionViewCell.h */,
				6B6E046D20F88659009D19BB /* BookDetailCollectionViewCell.m */,
				6B6E046E20F88659009D19BB /* BookDetailCollectionViewCell.xib */,
				6B7DDFA920FEC6B8003A954B /* AddBookViewController.h */,
				6B7DDFAA20FEC6B8003A954B /* AddBookViewController.m */,
				6B7DDFAB20FEC6B8003A954B /* AddBookViewController.xib */,
				6B970D3B2113E934008536C1 /* WriteBookViewController.h */,
				6B970D3C2113E934008536C1 /* WriteBookViewController.m */,
				6B970D3D2113E934008536C1 /* WriteBookViewController.xib */,
			);
			path = Bookshelf;
			sourceTree = "<group>";
		};
		BAE9EBBA22C9BA8C3A79F500 /* Pods */ = {
			isa = PBXGroup;
			children = (
				4A0A52F2B9EA4E665ADB7938 /* Pods-whatiread.debug.xcconfig */,
				FD63E1A167500F8859D854BD /* Pods-whatiread.release.xcconfig */,
			);
			name = Pods;
			sourceTree = "<group>";
		};
/* End PBXGroup section */

/* Begin PBXNativeTarget section */
		6B030EA020BE374D0060E8AD /* whatiread */ = {
			isa = PBXNativeTarget;
			buildConfigurationList = 6B030ED020BE374D0060E8AD /* Build configuration list for PBXNativeTarget "whatiread" */;
			buildPhases = (
				3DED44E1F5A5BEABA3630475 /* [CP] Check Pods Manifest.lock */,
				6B030E9D20BE374D0060E8AD /* Sources */,
				6B030E9E20BE374D0060E8AD /* Frameworks */,
				6B030E9F20BE374D0060E8AD /* Resources */,
				A3AE24C0954E0BE8BA4CDC0B /* [CP] Copy Pods Resources */,
				8117F237D6D46D93758A134C /* [CP] Embed Pods Frameworks */,
			);
			buildRules = (
			);
			dependencies = (
			);
			name = whatiread;
			productName = whatiread;
			productReference = 6B030EA120BE374D0060E8AD /* whatiread.app */;
			productType = "com.apple.product-type.application";
		};
		6B030EBB20BE374D0060E8AD /* whatireadTests */ = {
			isa = PBXNativeTarget;
			buildConfigurationList = 6B030ED320BE374D0060E8AD /* Build configuration list for PBXNativeTarget "whatireadTests" */;
			buildPhases = (
				6B030EB820BE374D0060E8AD /* Sources */,
				6B030EB920BE374D0060E8AD /* Frameworks */,
				6B030EBA20BE374D0060E8AD /* Resources */,
			);
			buildRules = (
			);
			dependencies = (
				6B030EBE20BE374D0060E8AD /* PBXTargetDependency */,
			);
			name = whatireadTests;
			productName = whatireadTests;
			productReference = 6B030EBC20BE374D0060E8AD /* whatireadTests.xctest */;
			productType = "com.apple.product-type.bundle.unit-test";
		};
		6B030EC620BE374D0060E8AD /* whatireadUITests */ = {
			isa = PBXNativeTarget;
			buildConfigurationList = 6B030ED620BE374D0060E8AD /* Build configuration list for PBXNativeTarget "whatireadUITests" */;
			buildPhases = (
				6B030EC320BE374D0060E8AD /* Sources */,
				6B030EC420BE374D0060E8AD /* Frameworks */,
				6B030EC520BE374D0060E8AD /* Resources */,
			);
			buildRules = (
			);
			dependencies = (
				6B030EC920BE374D0060E8AD /* PBXTargetDependency */,
			);
			name = whatireadUITests;
			productName = whatireadUITests;
			productReference = 6B030EC720BE374D0060E8AD /* whatireadUITests.xctest */;
			productType = "com.apple.product-type.bundle.ui-testing";
		};
/* End PBXNativeTarget section */

/* Begin PBXProject section */
		6B030E9920BE374D0060E8AD /* Project object */ = {
			isa = PBXProject;
			attributes = {
				LastUpgradeCheck = 0920;
				ORGANIZATIONNAME = "Yunju Yang";
				TargetAttributes = {
					6B030EA020BE374D0060E8AD = {
						CreatedOnToolsVersion = 9.2;
						ProvisioningStyle = Automatic;
					};
					6B030EBB20BE374D0060E8AD = {
						CreatedOnToolsVersion = 9.2;
						ProvisioningStyle = Automatic;
						TestTargetID = 6B030EA020BE374D0060E8AD;
					};
					6B030EC620BE374D0060E8AD = {
						CreatedOnToolsVersion = 9.2;
						ProvisioningStyle = Automatic;
						TestTargetID = 6B030EA020BE374D0060E8AD;
					};
				};
			};
			buildConfigurationList = 6B030E9C20BE374D0060E8AD /* Build configuration list for PBXProject "whatiread" */;
			compatibilityVersion = "Xcode 8.0";
			developmentRegion = en;
			hasScannedForEncodings = 0;
			knownRegions = (
				en,
				Base,
				ko,
			);
			mainGroup = 6B030E9820BE374D0060E8AD;
			productRefGroup = 6B030EA220BE374D0060E8AD /* Products */;
			projectDirPath = "";
			projectRoot = "";
			targets = (
				6B030EA020BE374D0060E8AD /* whatiread */,
				6B030EBB20BE374D0060E8AD /* whatireadTests */,
				6B030EC620BE374D0060E8AD /* whatireadUITests */,
			);
		};
/* End PBXProject section */

/* Begin PBXResourcesBuildPhase section */
		6B030E9F20BE374D0060E8AD /* Resources */ = {
			isa = PBXResourcesBuildPhase;
			buildActionMask = 2147483647;
			files = (
				6B7DDFAD20FEC6B8003A954B /* AddBookViewController.xib in Resources */,
				6B73478220ED9FD300BD5812 /* BookDetailViewController.xib in Resources */,
				6B970D3F2113E934008536C1 /* WriteBookViewController.xib in Resources */,
				6B6E046620F8840E009D19BB /* BookShelfViewController.xib in Resources */,
				6B030EB420BE374D0060E8AD /* LaunchScreen.storyboard in Resources */,
				6B5338B920C9110D00D85CD0 /* BookmarkCollectionViewCell.xib in Resources */,
				6B030EEA20BE44B00060E8AD /* TestViewController.xib in Resources */,
				6BCBA1B220C533590056BAFB /* BookmarkViewController.xib in Resources */,
				6B2AF62C20FD80AC0091AE3D /* Assets.xcassets in Resources */,
				6B3F80A4210846BB00F283F7 /* AddBookmarkViewController.xib in Resources */,
				6B8EF31F210562C4001EFDCD /* BookSearchViewController.xib in Resources */,
				6BCBA1B020C52E8A0056BAFB /* Localizable.strings in Resources */,
				6BBF48F6210AAE1400313CD5 /* tessdata in Resources */,
				6B6E047020F88659009D19BB /* BookDetailCollectionViewCell.xib in Resources */,
				AE5F72502114AD01004B355F /* BookmarkDetailViewController.xib in Resources */,
				6B6E046B20F88641009D19BB /* BookShelfCollectionViewCell.xib in Resources */,
				6B030EAC20BE374D0060E8AD /* Main.storyboard in Resources */,
				6B8EF32421058DB9001EFDCD /* BookSearchCollectionViewCell.xib in Resources */,
				6B7DDFBC20FF0FBD003A954B /* BookMarkHeaderCollectionReusableView.xib in Resources */,
				6BCBA19D20C522C40056BAFB /* IntroViewController.xib in Resources */,
			);
			runOnlyForDeploymentPostprocessing = 0;
		};
		6B030EBA20BE374D0060E8AD /* Resources */ = {
			isa = PBXResourcesBuildPhase;
			buildActionMask = 2147483647;
			files = (
			);
			runOnlyForDeploymentPostprocessing = 0;
		};
		6B030EC520BE374D0060E8AD /* Resources */ = {
			isa = PBXResourcesBuildPhase;
			buildActionMask = 2147483647;
			files = (
			);
			runOnlyForDeploymentPostprocessing = 0;
		};
/* End PBXResourcesBuildPhase section */

/* Begin PBXShellScriptBuildPhase section */
		3DED44E1F5A5BEABA3630475 /* [CP] Check Pods Manifest.lock */ = {
			isa = PBXShellScriptBuildPhase;
			buildActionMask = 2147483647;
			files = (
			);
			inputPaths = (
				"${PODS_PODFILE_DIR_PATH}/Podfile.lock",
				"${PODS_ROOT}/Manifest.lock",
			);
			name = "[CP] Check Pods Manifest.lock";
			outputPaths = (
				"$(DERIVED_FILE_DIR)/Pods-whatiread-checkManifestLockResult.txt",
			);
			runOnlyForDeploymentPostprocessing = 0;
			shellPath = /bin/sh;
			shellScript = "diff \"${PODS_PODFILE_DIR_PATH}/Podfile.lock\" \"${PODS_ROOT}/Manifest.lock\" > /dev/null\nif [ $? != 0 ] ; then\n    # print error to STDERR\n    echo \"error: The sandbox is not in sync with the Podfile.lock. Run 'pod install' or update your CocoaPods installation.\" >&2\n    exit 1\nfi\n# This output is used by Xcode 'outputs' to avoid re-running this script phase.\necho \"SUCCESS\" > \"${SCRIPT_OUTPUT_FILE_0}\"\n";
			showEnvVarsInLog = 0;
		};
		8117F237D6D46D93758A134C /* [CP] Embed Pods Frameworks */ = {
			isa = PBXShellScriptBuildPhase;
			buildActionMask = 2147483647;
			files = (
			);
			inputPaths = (
			);
			name = "[CP] Embed Pods Frameworks";
			outputPaths = (
			);
			runOnlyForDeploymentPostprocessing = 0;
			shellPath = /bin/sh;
			shellScript = "\"${SRCROOT}/Pods/Target Support Files/Pods-whatiread/Pods-whatiread-frameworks.sh\"\n";
			showEnvVarsInLog = 0;
		};
		A3AE24C0954E0BE8BA4CDC0B /* [CP] Copy Pods Resources */ = {
			isa = PBXShellScriptBuildPhase;
			buildActionMask = 2147483647;
			files = (
			);
			inputPaths = (
				"${SRCROOT}/Pods/Target Support Files/Pods-whatiread/Pods-whatiread-resources.sh",
				"${PODS_ROOT}/GKActionSheetPicker/Pod/Assets/countries.json",
				"${PODS_CONFIGURATION_BUILD_DIR}/TOCropViewController/TOCropViewControllerBundle.bundle",
			);
			name = "[CP] Copy Pods Resources";
			outputPaths = (
				"${TARGET_BUILD_DIR}/${UNLOCALIZED_RESOURCES_FOLDER_PATH}/countries.json",
				"${TARGET_BUILD_DIR}/${UNLOCALIZED_RESOURCES_FOLDER_PATH}/TOCropViewControllerBundle.bundle",
			);
			runOnlyForDeploymentPostprocessing = 0;
			shellPath = /bin/sh;
			shellScript = "\"${SRCROOT}/Pods/Target Support Files/Pods-whatiread/Pods-whatiread-resources.sh\"\n";
			showEnvVarsInLog = 0;
		};
/* End PBXShellScriptBuildPhase section */

/* Begin PBXSourcesBuildPhase section */
		6B030E9D20BE374D0060E8AD /* Sources */ = {
			isa = PBXSourcesBuildPhase;
			buildActionMask = 2147483647;
			files = (
				6B73478120ED9FD300BD5812 /* BookDetailViewController.m in Sources */,
				6B030EE520BE3DB90060E8AD /* CoreDataAccess.m in Sources */,
				6B5338B020C9004F00D85CD0 /* RECommonFunctions.m in Sources */,
				6B030EA920BE374D0060E8AD /* CommonViewController.m in Sources */,
				6B5338B320C9007900D85CD0 /* MenuViewController.m in Sources */,
				6B970D3A2113E754008536C1 /* NSString+TextDirectionality.m in Sources */,
				6B30CDF32106A51400EDF627 /* IndicatorUtil.m in Sources */,
				6B8EF3272105A595001EFDCD /* XMLDictionary.m in Sources */,
				6B030EE920BE44B00060E8AD /* TestViewController.m in Sources */,
				6B5338AE20C9004F00D85CD0 /* REFrostedContainerViewController.m in Sources */,
				6B7DDFAC20FEC6B8003A954B /* AddBookViewController.m in Sources */,
				6B7DDFBB20FF0FBD003A954B /* BookMarkHeaderCollectionReusableView.m in Sources */,
				6B8EF32321058DB9001EFDCD /* BookSearchCollectionViewCell.m in Sources */,
				6B3F80A3210846BB00F283F7 /* AddBookmarkViewController.m in Sources */,
				6B5338AC20C9004F00D85CD0 /* UIView+REFrostedViewController.m in Sources */,
				6B5338B820C9110D00D85CD0 /* BookmarkCollectionViewCell.m in Sources */,
				6BCBA19C20C522C40056BAFB /* IntroViewController.m in Sources */,
				6B8EF31E210562C4001EFDCD /* BookSearchViewController.m in Sources */,
				6B030EAF20BE374D0060E8AD /* whatiread.xcdatamodeld in Sources */,
				6B6E046520F8840E009D19BB /* BookShelfViewController.m in Sources */,
				6B6E046A20F88641009D19BB /* BookShelfCollectionViewCell.m in Sources */,
				6B5338AD20C9004F00D85CD0 /* UIViewController+REFrostedViewController.m in Sources */,
				6B970D382113E754008536C1 /* JVFloatLabeledTextView.m in Sources */,
				6B970D3E2113E934008536C1 /* WriteBookViewController.m in Sources */,
				6B6E046F20F88659009D19BB /* BookDetailCollectionViewCell.m in Sources */,
				6B030EB720BE374D0060E8AD /* main.m in Sources */,
				6B5338AF20C9004F00D85CD0 /* UIImage+REFrostedViewController.m in Sources */,
				6B030EA620BE374D0060E8AD /* AppDelegate.m in Sources */,
				6B53388020C8C46700D85CD0 /* UIColor+ColorString.m in Sources */,
				6BCBA1A620C527930056BAFB /* BookmarkViewController.m in Sources */,
				6B970D392113E754008536C1 /* JVFloatLabeledTextField.m in Sources */,
				AE5F724F2114AD01004B355F /* BookmarkDetailViewController.m in Sources */,
				6B8EF31621055984001EFDCD /* Reachability.m in Sources */,
				6B5338AB20C9004F00D85CD0 /* REFrostedViewController.m in Sources */,
				6B8EF319210559B2001EFDCD /* AdminConnectionManager.m in Sources */,
			);
			runOnlyForDeploymentPostprocessing = 0;
		};
		6B030EB820BE374D0060E8AD /* Sources */ = {
			isa = PBXSourcesBuildPhase;
			buildActionMask = 2147483647;
			files = (
				6B030EC120BE374D0060E8AD /* whatireadTests.m in Sources */,
			);
			runOnlyForDeploymentPostprocessing = 0;
		};
		6B030EC320BE374D0060E8AD /* Sources */ = {
			isa = PBXSourcesBuildPhase;
			buildActionMask = 2147483647;
			files = (
				6B030ECC20BE374D0060E8AD /* whatireadUITests.m in Sources */,
			);
			runOnlyForDeploymentPostprocessing = 0;
		};
/* End PBXSourcesBuildPhase section */

/* Begin PBXTargetDependency section */
		6B030EBE20BE374D0060E8AD /* PBXTargetDependency */ = {
			isa = PBXTargetDependency;
			target = 6B030EA020BE374D0060E8AD /* whatiread */;
			targetProxy = 6B030EBD20BE374D0060E8AD /* PBXContainerItemProxy */;
		};
		6B030EC920BE374D0060E8AD /* PBXTargetDependency */ = {
			isa = PBXTargetDependency;
			target = 6B030EA020BE374D0060E8AD /* whatiread */;
			targetProxy = 6B030EC820BE374D0060E8AD /* PBXContainerItemProxy */;
		};
/* End PBXTargetDependency section */

/* Begin PBXVariantGroup section */
		6B030EAA20BE374D0060E8AD /* Main.storyboard */ = {
			isa = PBXVariantGroup;
			children = (
				6B030EAB20BE374D0060E8AD /* Base */,
				6BCBA1AC20C52E0A0056BAFB /* ko */,
			);
			name = Main.storyboard;
			sourceTree = "<group>";
		};
		6B030EB220BE374D0060E8AD /* LaunchScreen.storyboard */ = {
			isa = PBXVariantGroup;
			children = (
				6B030EB320BE374D0060E8AD /* Base */,
				6BCBA1AD20C52E0C0056BAFB /* ko */,
			);
			name = LaunchScreen.storyboard;
			sourceTree = "<group>";
		};
		6BCBA1AE20C52E8A0056BAFB /* Localizable.strings */ = {
			isa = PBXVariantGroup;
			children = (
				6BCBA1AF20C52E8A0056BAFB /* Base */,
				6BCBA1B120C52EB40056BAFB /* ko */,
			);
			name = Localizable.strings;
			sourceTree = "<group>";
		};
		6BCBA1B420C533590056BAFB /* BookmarkViewController.xib */ = {
			isa = PBXVariantGroup;
			children = (
				6BCBA1B520C5336D0056BAFB /* Base */,
			);
			name = BookmarkViewController.xib;
			sourceTree = "<group>";
		};
/* End PBXVariantGroup section */

/* Begin XCBuildConfiguration section */
		6B030ECE20BE374D0060E8AD /* Debug */ = {
			isa = XCBuildConfiguration;
			buildSettings = {
				ALWAYS_SEARCH_USER_PATHS = NO;
				CLANG_ANALYZER_LOCALIZABILITY_NONLOCALIZED = YES;
				CLANG_ANALYZER_NONNULL = YES;
				CLANG_ANALYZER_NUMBER_OBJECT_CONVERSION = YES_AGGRESSIVE;
				CLANG_CXX_LANGUAGE_STANDARD = "gnu++14";
				CLANG_CXX_LIBRARY = "libc++";
				CLANG_ENABLE_MODULES = YES;
				CLANG_ENABLE_OBJC_ARC = YES;
				CLANG_WARN_BLOCK_CAPTURE_AUTORELEASING = YES;
				CLANG_WARN_BOOL_CONVERSION = YES;
				CLANG_WARN_COMMA = YES;
				CLANG_WARN_CONSTANT_CONVERSION = YES;
				CLANG_WARN_DIRECT_OBJC_ISA_USAGE = YES_ERROR;
				CLANG_WARN_DOCUMENTATION_COMMENTS = YES;
				CLANG_WARN_EMPTY_BODY = YES;
				CLANG_WARN_ENUM_CONVERSION = YES;
				CLANG_WARN_INFINITE_RECURSION = YES;
				CLANG_WARN_INT_CONVERSION = YES;
				CLANG_WARN_NON_LITERAL_NULL_CONVERSION = YES;
				CLANG_WARN_OBJC_LITERAL_CONVERSION = YES;
				CLANG_WARN_OBJC_ROOT_CLASS = YES_ERROR;
				CLANG_WARN_RANGE_LOOP_ANALYSIS = YES;
				CLANG_WARN_STRICT_PROTOTYPES = YES;
				CLANG_WARN_SUSPICIOUS_MOVE = YES;
				CLANG_WARN_UNGUARDED_AVAILABILITY = YES_AGGRESSIVE;
				CLANG_WARN_UNREACHABLE_CODE = YES;
				CLANG_WARN__DUPLICATE_METHOD_MATCH = YES;
				CODE_SIGN_IDENTITY = "iPhone Developer";
				COPY_PHASE_STRIP = NO;
				DEBUG_INFORMATION_FORMAT = dwarf;
				ENABLE_BITCODE = NO;
				ENABLE_STRICT_OBJC_MSGSEND = YES;
				ENABLE_TESTABILITY = YES;
				GCC_C_LANGUAGE_STANDARD = gnu11;
				GCC_DYNAMIC_NO_PIC = NO;
				GCC_NO_COMMON_BLOCKS = YES;
				GCC_OPTIMIZATION_LEVEL = 0;
				GCC_PRECOMPILE_PREFIX_HEADER = NO;
				GCC_PREFIX_HEADER = "";
				GCC_PREPROCESSOR_DEFINITIONS = (
					"DEBUG=1",
					"$(inherited)",
				);
				GCC_WARN_64_TO_32_BIT_CONVERSION = YES;
				GCC_WARN_ABOUT_RETURN_TYPE = YES_ERROR;
				GCC_WARN_UNDECLARED_SELECTOR = YES;
				GCC_WARN_UNINITIALIZED_AUTOS = YES_AGGRESSIVE;
				GCC_WARN_UNUSED_FUNCTION = YES;
				GCC_WARN_UNUSED_VARIABLE = YES;
				IPHONEOS_DEPLOYMENT_TARGET = 10.0;
				MTL_ENABLE_DEBUG_INFO = YES;
				ONLY_ACTIVE_ARCH = YES;
				SDKROOT = iphoneos;
			};
			name = Debug;
		};
		6B030ECF20BE374D0060E8AD /* Release */ = {
			isa = XCBuildConfiguration;
			buildSettings = {
				ALWAYS_SEARCH_USER_PATHS = NO;
				CLANG_ANALYZER_LOCALIZABILITY_NONLOCALIZED = YES;
				CLANG_ANALYZER_NONNULL = YES;
				CLANG_ANALYZER_NUMBER_OBJECT_CONVERSION = YES_AGGRESSIVE;
				CLANG_CXX_LANGUAGE_STANDARD = "gnu++14";
				CLANG_CXX_LIBRARY = "libc++";
				CLANG_ENABLE_MODULES = YES;
				CLANG_ENABLE_OBJC_ARC = YES;
				CLANG_WARN_BLOCK_CAPTURE_AUTORELEASING = YES;
				CLANG_WARN_BOOL_CONVERSION = YES;
				CLANG_WARN_COMMA = YES;
				CLANG_WARN_CONSTANT_CONVERSION = YES;
				CLANG_WARN_DIRECT_OBJC_ISA_USAGE = YES_ERROR;
				CLANG_WARN_DOCUMENTATION_COMMENTS = YES;
				CLANG_WARN_EMPTY_BODY = YES;
				CLANG_WARN_ENUM_CONVERSION = YES;
				CLANG_WARN_INFINITE_RECURSION = YES;
				CLANG_WARN_INT_CONVERSION = YES;
				CLANG_WARN_NON_LITERAL_NULL_CONVERSION = YES;
				CLANG_WARN_OBJC_LITERAL_CONVERSION = YES;
				CLANG_WARN_OBJC_ROOT_CLASS = YES_ERROR;
				CLANG_WARN_RANGE_LOOP_ANALYSIS = YES;
				CLANG_WARN_STRICT_PROTOTYPES = YES;
				CLANG_WARN_SUSPICIOUS_MOVE = YES;
				CLANG_WARN_UNGUARDED_AVAILABILITY = YES_AGGRESSIVE;
				CLANG_WARN_UNREACHABLE_CODE = YES;
				CLANG_WARN__DUPLICATE_METHOD_MATCH = YES;
				CODE_SIGN_IDENTITY = "iPhone Developer";
				COPY_PHASE_STRIP = NO;
				DEBUG_INFORMATION_FORMAT = "dwarf-with-dsym";
				ENABLE_BITCODE = NO;
				ENABLE_NS_ASSERTIONS = NO;
				ENABLE_STRICT_OBJC_MSGSEND = YES;
				GCC_C_LANGUAGE_STANDARD = gnu11;
				GCC_NO_COMMON_BLOCKS = YES;
				GCC_PRECOMPILE_PREFIX_HEADER = NO;
				GCC_PREFIX_HEADER = "";
				GCC_WARN_64_TO_32_BIT_CONVERSION = YES;
				GCC_WARN_ABOUT_RETURN_TYPE = YES_ERROR;
				GCC_WARN_UNDECLARED_SELECTOR = YES;
				GCC_WARN_UNINITIALIZED_AUTOS = YES_AGGRESSIVE;
				GCC_WARN_UNUSED_FUNCTION = YES;
				GCC_WARN_UNUSED_VARIABLE = YES;
				IPHONEOS_DEPLOYMENT_TARGET = 10.0;
				MTL_ENABLE_DEBUG_INFO = NO;
				SDKROOT = iphoneos;
				VALIDATE_PRODUCT = YES;
			};
			name = Release;
		};
		6B030ED120BE374D0060E8AD /* Debug */ = {
			isa = XCBuildConfiguration;
			baseConfigurationReference = 4A0A52F2B9EA4E665ADB7938 /* Pods-whatiread.debug.xcconfig */;
			buildSettings = {
				ASSETCATALOG_COMPILER_APPICON_NAME = AppIcon;
				CODE_SIGN_STYLE = Automatic;
				DEVELOPMENT_TEAM = 7RHSLR9YCS;
				GCC_PRECOMPILE_PREFIX_HEADER = YES;
				GCC_PREFIX_HEADER = whatiread/PrefixHeader.pch;
				INFOPLIST_FILE = whatiread/Info.plist;
				IPHONEOS_DEPLOYMENT_TARGET = 10.0;
				LD_RUNPATH_SEARCH_PATHS = "$(inherited) @executable_path/Frameworks";
				PRODUCT_BUNDLE_IDENTIFIER = com.iamyyun.whatiread;
				PRODUCT_NAME = "$(TARGET_NAME)";
				TARGETED_DEVICE_FAMILY = "1,2";
			};
			name = Debug;
		};
		6B030ED220BE374D0060E8AD /* Release */ = {
			isa = XCBuildConfiguration;
			baseConfigurationReference = FD63E1A167500F8859D854BD /* Pods-whatiread.release.xcconfig */;
			buildSettings = {
				ASSETCATALOG_COMPILER_APPICON_NAME = AppIcon;
				CODE_SIGN_STYLE = Automatic;
				DEVELOPMENT_TEAM = 7RHSLR9YCS;
				GCC_PRECOMPILE_PREFIX_HEADER = YES;
				GCC_PREFIX_HEADER = whatiread/PrefixHeader.pch;
				INFOPLIST_FILE = whatiread/Info.plist;
				IPHONEOS_DEPLOYMENT_TARGET = 10.0;
				LD_RUNPATH_SEARCH_PATHS = "$(inherited) @executable_path/Frameworks";
				PRODUCT_BUNDLE_IDENTIFIER = com.iamyyun.whatiread;
				PRODUCT_NAME = "$(TARGET_NAME)";
				TARGETED_DEVICE_FAMILY = "1,2";
			};
			name = Release;
		};
		6B030ED420BE374D0060E8AD /* Debug */ = {
			isa = XCBuildConfiguration;
			buildSettings = {
				BUNDLE_LOADER = "$(TEST_HOST)";
				CODE_SIGN_STYLE = Automatic;
				DEVELOPMENT_TEAM = 7RHSLR9YCS;
				INFOPLIST_FILE = whatireadTests/Info.plist;
				LD_RUNPATH_SEARCH_PATHS = "$(inherited) @executable_path/Frameworks @loader_path/Frameworks";
				PRODUCT_BUNDLE_IDENTIFIER = com.iamyyun.whatireadTests;
				PRODUCT_NAME = "$(TARGET_NAME)";
				TARGETED_DEVICE_FAMILY = "1,2";
				TEST_HOST = "$(BUILT_PRODUCTS_DIR)/whatiread.app/whatiread";
			};
			name = Debug;
		};
		6B030ED520BE374D0060E8AD /* Release */ = {
			isa = XCBuildConfiguration;
			buildSettings = {
				BUNDLE_LOADER = "$(TEST_HOST)";
				CODE_SIGN_STYLE = Automatic;
				DEVELOPMENT_TEAM = 7RHSLR9YCS;
				INFOPLIST_FILE = whatireadTests/Info.plist;
				LD_RUNPATH_SEARCH_PATHS = "$(inherited) @executable_path/Frameworks @loader_path/Frameworks";
				PRODUCT_BUNDLE_IDENTIFIER = com.iamyyun.whatireadTests;
				PRODUCT_NAME = "$(TARGET_NAME)";
				TARGETED_DEVICE_FAMILY = "1,2";
				TEST_HOST = "$(BUILT_PRODUCTS_DIR)/whatiread.app/whatiread";
			};
			name = Release;
		};
		6B030ED720BE374D0060E8AD /* Debug */ = {
			isa = XCBuildConfiguration;
			buildSettings = {
				CODE_SIGN_STYLE = Automatic;
				DEVELOPMENT_TEAM = 7RHSLR9YCS;
				INFOPLIST_FILE = whatireadUITests/Info.plist;
				LD_RUNPATH_SEARCH_PATHS = "$(inherited) @executable_path/Frameworks @loader_path/Frameworks";
				PRODUCT_BUNDLE_IDENTIFIER = com.iamyyun.whatireadUITests;
				PRODUCT_NAME = "$(TARGET_NAME)";
				TARGETED_DEVICE_FAMILY = "1,2";
				TEST_TARGET_NAME = whatiread;
			};
			name = Debug;
		};
		6B030ED820BE374D0060E8AD /* Release */ = {
			isa = XCBuildConfiguration;
			buildSettings = {
				CODE_SIGN_STYLE = Automatic;
				DEVELOPMENT_TEAM = 7RHSLR9YCS;
				INFOPLIST_FILE = whatireadUITests/Info.plist;
				LD_RUNPATH_SEARCH_PATHS = "$(inherited) @executable_path/Frameworks @loader_path/Frameworks";
				PRODUCT_BUNDLE_IDENTIFIER = com.iamyyun.whatireadUITests;
				PRODUCT_NAME = "$(TARGET_NAME)";
				TARGETED_DEVICE_FAMILY = "1,2";
				TEST_TARGET_NAME = whatiread;
			};
			name = Release;
		};
/* End XCBuildConfiguration section */

/* Begin XCConfigurationList section */
		6B030E9C20BE374D0060E8AD /* Build configuration list for PBXProject "whatiread" */ = {
			isa = XCConfigurationList;
			buildConfigurations = (
				6B030ECE20BE374D0060E8AD /* Debug */,
				6B030ECF20BE374D0060E8AD /* Release */,
			);
			defaultConfigurationIsVisible = 0;
			defaultConfigurationName = Release;
		};
		6B030ED020BE374D0060E8AD /* Build configuration list for PBXNativeTarget "whatiread" */ = {
			isa = XCConfigurationList;
			buildConfigurations = (
				6B030ED120BE374D0060E8AD /* Debug */,
				6B030ED220BE374D0060E8AD /* Release */,
			);
			defaultConfigurationIsVisible = 0;
			defaultConfigurationName = Release;
		};
		6B030ED320BE374D0060E8AD /* Build configuration list for PBXNativeTarget "whatireadTests" */ = {
			isa = XCConfigurationList;
			buildConfigurations = (
				6B030ED420BE374D0060E8AD /* Debug */,
				6B030ED520BE374D0060E8AD /* Release */,
			);
			defaultConfigurationIsVisible = 0;
			defaultConfigurationName = Release;
		};
		6B030ED620BE374D0060E8AD /* Build configuration list for PBXNativeTarget "whatireadUITests" */ = {
			isa = XCConfigurationList;
			buildConfigurations = (
				6B030ED720BE374D0060E8AD /* Debug */,
				6B030ED820BE374D0060E8AD /* Release */,
			);
			defaultConfigurationIsVisible = 0;
			defaultConfigurationName = Release;
		};
/* End XCConfigurationList section */

/* Begin XCVersionGroup section */
		6B030EAD20BE374D0060E8AD /* whatiread.xcdatamodeld */ = {
			isa = XCVersionGroup;
			children = (
				6B030EAE20BE374D0060E8AD /* whatiread.xcdatamodel */,
			);
			currentVersion = 6B030EAE20BE374D0060E8AD /* whatiread.xcdatamodel */;
			path = whatiread.xcdatamodeld;
			sourceTree = "<group>";
			versionGroupType = wrapper.xcdatamodel;
		};
/* End XCVersionGroup section */
	};
	rootObject = 6B030E9920BE374D0060E8AD /* Project object */;
}
